
Microsoft Visual Studio Solution File, Format Version 12.00
# Visual Studio Version 17
VisualStudioVersion = 17.0.32014.148
MinimumVisualStudioVersion = 10.0.40219.1
Project("{FAE04EC0-301F-11D3-BF4B-00C04F79EFBC}") = "ClassStruktStatic", "ClassStruktStatic\ClassStruktStatic.csproj", "{3DE758E9-6E34-4DC5-AECC-CBEF80C06403}"
EndProject
Global
	GlobalSection(SolutionConfigurationPlatforms) = preSolution
		Debug|Any CPU = Debug|Any CPU
		Release|Any CPU = Release|Any CPU
	EndGlobalSection
	GlobalSection(ProjectConfigurationPlatforms) = postSolution
		{3DE758E9-6E34-4DC5-AECC-CBEF80C06403}.Debug|Any CPU.ActiveCfg = Debug|Any CPU
		{3DE758E9-6E34-4DC5-AECC-CBEF80C06403}.Debug|Any CPU.Build.0 = Debug|Any CPU
		{3DE758E9-6E34-4DC5-AECC-CBEF80C06403}.Release|Any CPU.ActiveCfg = Release|Any CPU
		{3DE758E9-6E34-4DC5-AECC-CBEF80C06403}.Release|Any CPU.Build.0 = Release|Any CPU
	EndGlobalSection
	GlobalSection(SolutionProperties) = preSolution
		HideSolutionNode = FALSE
	EndGlobalSection
	GlobalSection(ExtensibilityGlobals) = postSolution
		SolutionGuid = {9F78D4F4-A677-40A1-B4A6-19B392429831}
	EndGlobalSection
EndGlobal
